// !$*UTF8*$!
{
	archiveVersion = 1;
	classes = {
	};
	objectVersion = 46;
	objects = {

/* Begin PBXBuildFile section */
		8B1E74991BC128350001AC86 /* AppDelegate.swift in Sources */ = {isa = PBXBuildFile; fileRef = 8B1E74981BC128350001AC86 /* AppDelegate.swift */; };
		8B1E749C1BC128350001AC86 /* SwiftTraining.xcdatamodeld in Sources */ = {isa = PBXBuildFile; fileRef = 8B1E749A1BC128350001AC86 /* SwiftTraining.xcdatamodeld */; };
		8B1E749E1BC128350001AC86 /* ViewController.swift in Sources */ = {isa = PBXBuildFile; fileRef = 8B1E749D1BC128350001AC86 /* ViewController.swift */; };
		8B1E74A11BC128350001AC86 /* Main.storyboard in Resources */ = {isa = PBXBuildFile; fileRef = 8B1E749F1BC128350001AC86 /* Main.storyboard */; };
		8B1E74A31BC128350001AC86 /* Images.xcassets in Resources */ = {isa = PBXBuildFile; fileRef = 8B1E74A21BC128350001AC86 /* Images.xcassets */; };
		8B1E74A61BC128350001AC86 /* LaunchScreen.xib in Resources */ = {isa = PBXBuildFile; fileRef = 8B1E74A41BC128350001AC86 /* LaunchScreen.xib */; };
		8B1E74B21BC128350001AC86 /* SwiftTrainingTests.swift in Sources */ = {isa = PBXBuildFile; fileRef = 8B1E74B11BC128350001AC86 /* SwiftTrainingTests.swift */; };
		8B1E74BC1BC128AA0001AC86 /* TestCollectionViewController.swift in Sources */ = {isa = PBXBuildFile; fileRef = 8B1E74BB1BC128AA0001AC86 /* TestCollectionViewController.swift */; };
/* End PBXBuildFile section */

/* Begin PBXContainerItemProxy section */
		8B1E74AC1BC128350001AC86 /* PBXContainerItemProxy */ = {
			isa = PBXContainerItemProxy;
			containerPortal = 8B1E748B1BC128350001AC86 /* Project object */;
			proxyType = 1;
			remoteGlobalIDString = 8B1E74921BC128350001AC86;
			remoteInfo = SwiftTraining;
		};
/* End PBXContainerItemProxy section */

/* Begin PBXFileReference section */
		8B1E74931BC128350001AC86 /* SwiftTraining.app */ = {isa = PBXFileReference; explicitFileType = wrapper.application; includeInIndex = 0; path = SwiftTraining.app; sourceTree = BUILT_PRODUCTS_DIR; };
		8B1E74971BC128350001AC86 /* Info.plist */ = {isa = PBXFileReference; lastKnownFileType = text.plist.xml; path = Info.plist; sourceTree = "<group>"; };
		8B1E74981BC128350001AC86 /* AppDelegate.swift */ = {isa = PBXFileReference; lastKnownFileType = sourcecode.swift; path = AppDelegate.swift; sourceTree = "<group>"; };
		8B1E749B1BC128350001AC86 /* SwiftTraining.xcdatamodel */ = {isa = PBXFileReference; lastKnownFileType = wrapper.xcdatamodel; path = SwiftTraining.xcdatamodel; sourceTree = "<group>"; };
		8B1E749D1BC128350001AC86 /* ViewController.swift */ = {isa = PBXFileReference; lastKnownFileType = sourcecode.swift; path = ViewController.swift; sourceTree = "<group>"; };
		8B1E74A01BC128350001AC86 /* Base */ = {isa = PBXFileReference; lastKnownFileType = file.storyboard; name = Base; path = Base.lproj/Main.storyboard; sourceTree = "<group>"; };
		8B1E74A21BC128350001AC86 /* Images.xcassets */ = {isa = PBXFileReference; lastKnownFileType = folder.assetcatalog; path = Images.xcassets; sourceTree = "<group>"; };
		8B1E74A51BC128350001AC86 /* Base */ = {isa = PBXFileReference; lastKnownFileType = file.xib; name = Base; path = Base.lproj/LaunchScreen.xib; sourceTree = "<group>"; };
		8B1E74AB1BC128350001AC86 /* SwiftTrainingTests.xctest */ = {isa = PBXFileReference; explicitFileType = wrapper.cfbundle; includeInIndex = 0; path = SwiftTrainingTests.xctest; sourceTree = BUILT_PRODUCTS_DIR; };
		8B1E74B01BC128350001AC86 /* Info.plist */ = {isa = PBXFileReference; lastKnownFileType = text.plist.xml; path = Info.plist; sourceTree = "<group>"; };
		8B1E74B11BC128350001AC86 /* SwiftTrainingTests.swift */ = {isa = PBXFileReference; lastKnownFileType = sourcecode.swift; path = SwiftTrainingTests.swift; sourceTree = "<group>"; };
		8B1E74BB1BC128AA0001AC86 /* TestCollectionViewController.swift */ = {isa = PBXFileReference; fileEncoding = 4; lastKnownFileType = sourcecode.swift; path = TestCollectionViewController.swift; sourceTree = "<group>"; };
/* End PBXFileReference section */

/* Begin PBXFrameworksBuildPhase section */
		8B1E74901BC128350001AC86 /* Frameworks */ = {
			isa = PBXFrameworksBuildPhase;
			buildActionMask = 2147483647;
			files = (
			);
			runOnlyForDeploymentPostprocessing = 0;
		};
		8B1E74A81BC128350001AC86 /* Frameworks */ = {
			isa = PBXFrameworksBuildPhase;
			buildActionMask = 2147483647;
			files = (
			);
			runOnlyForDeploymentPostprocessing = 0;
		};
/* End PBXFrameworksBuildPhase section */

/* Begin PBXGroup section */
		8B1E748A1BC128350001AC86 = {
			isa = PBXGroup;
			children = (
				8B1E74951BC128350001AC86 /* SwiftTraining */,
				8B1E74AE1BC128350001AC86 /* SwiftTrainingTests */,
				8B1E74941BC128350001AC86 /* Products */,
			);
			sourceTree = "<group>";
		};
		8B1E74941BC128350001AC86 /* Products */ = {
			isa = PBXGroup;
			children = (
				8B1E74931BC128350001AC86 /* SwiftTraining.app */,
				8B1E74AB1BC128350001AC86 /* SwiftTrainingTests.xctest */,
			);
			name = Products;
			sourceTree = "<group>";
		};
		8B1E74951BC128350001AC86 /* SwiftTraining */ = {
			isa = PBXGroup;
			children = (
				8B1E74981BC128350001AC86 /* AppDelegate.swift */,
				8B1E749D1BC128350001AC86 /* ViewController.swift */,
				8B1E749F1BC128350001AC86 /* Main.storyboard */,
				8B1E74BB1BC128AA0001AC86 /* TestCollectionViewController.swift */,
				8B1E74A21BC128350001AC86 /* Images.xcassets */,
				8B1E74A41BC128350001AC86 /* LaunchScreen.xib */,
				8B1E749A1BC128350001AC86 /* SwiftTraining.xcdatamodeld */,
				8B1E74961BC128350001AC86 /* Supporting Files */,
			);
			path = SwiftTraining;
			sourceTree = "<group>";
		};
		8B1E74961BC128350001AC86 /* Supporting Files */ = {
			isa = PBXGroup;
			children = (
				8B1E74971BC128350001AC86 /* Info.plist */,
			);
			name = "Supporting Files";
			sourceTree = "<group>";
		};
		8B1E74AE1BC128350001AC86 /* SwiftTrainingTests */ = {
			isa = PBXGroup;
			children = (
				8B1E74B11BC128350001AC86 /* SwiftTrainingTests.swift */,
				8B1E74AF1BC128350001AC86 /* Supporting Files */,
			);
			path = SwiftTrainingTests;
			sourceTree = "<group>";
		};
		8B1E74AF1BC128350001AC86 /* Supporting Files */ = {
			isa = PBXGroup;
			children = (
				8B1E74B01BC128350001AC86 /* Info.plist */,
			);
			name = "Supporting Files";
			sourceTree = "<group>";
		};
/* End PBXGroup section */

/* Begin PBXNativeTarget section */
		8B1E74921BC128350001AC86 /* SwiftTraining */ = {
			isa = PBXNativeTarget;
			buildConfigurationList = 8B1E74B51BC128350001AC86 /* Build configuration list for PBXNativeTarget "SwiftTraining" */;
			buildPhases = (
				8B1E748F1BC128350001AC86 /* Sources */,
				8B1E74901BC128350001AC86 /* Frameworks */,
				8B1E74911BC128350001AC86 /* Resources */,
			);
			buildRules = (
			);
			dependencies = (
			);
			name = SwiftTraining;
			productName = SwiftTraining;
			productReference = 8B1E74931BC128350001AC86 /* SwiftTraining.app */;
			productType = "com.apple.product-type.application";
		};
		8B1E74AA1BC128350001AC86 /* SwiftTrainingTests */ = {
			isa = PBXNativeTarget;
			buildConfigurationList = 8B1E74B81BC128350001AC86 /* Build configuration list for PBXNativeTarget "SwiftTrainingTests" */;
			buildPhases = (
				8B1E74A71BC128350001AC86 /* Sources */,
				8B1E74A81BC128350001AC86 /* Frameworks */,
				8B1E74A91BC128350001AC86 /* Resources */,
			);
			buildRules = (
			);
			dependencies = (
				8B1E74AD1BC128350001AC86 /* PBXTargetDependency */,
			);
			name = SwiftTrainingTests;
			productName = SwiftTrainingTests;
			productReference = 8B1E74AB1BC128350001AC86 /* SwiftTrainingTests.xctest */;
			productType = "com.apple.product-type.bundle.unit-test";
		};
/* End PBXNativeTarget section */

/* Begin PBXProject section */
		8B1E748B1BC128350001AC86 /* Project object */ = {
			isa = PBXProject;
			attributes = {
				LastUpgradeCheck = 0640;
				ORGANIZATIONNAME = Technologies33;
				TargetAttributes = {
					8B1E74921BC128350001AC86 = {
						CreatedOnToolsVersion = 6.4;
					};
					8B1E74AA1BC128350001AC86 = {
						CreatedOnToolsVersion = 6.4;
						TestTargetID = 8B1E74921BC128350001AC86;
					};
				};
			};
			buildConfigurationList = 8B1E748E1BC128350001AC86 /* Build configuration list for PBXProject "SwiftTraining" */;
			compatibilityVersion = "Xcode 3.2";
			developmentRegion = English;
			hasScannedForEncodings = 0;
			knownRegions = (
				en,
				Base,
			);
			mainGroup = 8B1E748A1BC128350001AC86;
			productRefGroup = 8B1E74941BC128350001AC86 /* Products */;
			projectDirPath = "";
			projectRoot = "";
			targets = (
				8B1E74921BC128350001AC86 /* SwiftTraining */,
				8B1E74AA1BC128350001AC86 /* SwiftTrainingTests */,
			);
		};
/* End PBXProject section */

/* Begin PBXResourcesBuildPhase section */
		8B1E74911BC128350001AC86 /* Resources */ = {
			isa = PBXResourcesBuildPhase;
			buildActionMask = 2147483647;
			files = (
				8B1E74A11BC128350001AC86 /* Main.storyboard in Resources */,
				8B1E74A61BC128350001AC86 /* LaunchScreen.xib in Resources */,
				8B1E74A31BC128350001AC86 /* Images.xcassets in Resources */,
			);
			runOnlyForDeploymentPostprocessing = 0;
		};
		8B1E74A91BC128350001AC86 /* Resources */ = {
			isa = PBXResourcesBuildPhase;
			buildActionMask = 2147483647;
			files = (
			);
			runOnlyForDeploymentPostprocessing = 0;
		};
/* End PBXResourcesBuildPhase section */

/* Begin PBXSourcesBuildPhase section */
		8B1E748F1BC128350001AC86 /* Sources */ = {
			isa = PBXSourcesBuildPhase;
			buildActionMask = 2147483647;
			files = (
				8B1E74BC1BC128AA0001AC86 /* TestCollectionViewController.swift in Sources */,
				8B1E749E1BC128350001AC86 /* ViewController.swift in Sources */,
				8B1E74991BC128350001AC86 /* AppDelegate.swift in Sources */,
				8B1E749C1BC128350001AC86 /* SwiftTraining.xcdatamodeld in Sources */,
			);
			runOnlyForDeploymentPostprocessing = 0;
		};
		8B1E74A71BC128350001AC86 /* Sources */ = {
			isa = PBXSourcesBuildPhase;
			buildActionMask = 2147483647;
			files = (
				8B1E74B21BC128350001AC86 /* SwiftTrainingTests.swift in Sources */,
			);
			runOnlyForDeploymentPostprocessing = 0;
		};
/* End PBXSourcesBuildPhase section */

/* Begin PBXTargetDependency section */
		8B1E74AD1BC128350001AC86 /* PBXTargetDependency */ = {
			isa = PBXTargetDependency;
			target = 8B1E74921BC128350001AC86 /* SwiftTraining */;
			targetProxy = 8B1E74AC1BC128350001AC86 /* PBXContainerItemProxy */;
		};
/* End PBXTargetDependency section */

/* Begin PBXVariantGroup section */
		8B1E749F1BC128350001AC86 /* Main.storyboard */ = {
			isa = PBXVariantGroup;
			children = (
				8B1E74A01BC128350001AC86 /* Base */,
			);
			name = Main.storyboard;
			sourceTree = "<group>";
		};
		8B1E74A41BC128350001AC86 /* LaunchScreen.xib */ = {
			isa = PBXVariantGroup;
			children = (
				8B1E74A51BC128350001AC86 /* Base */,
			);
			name = LaunchScreen.xib;
			sourceTree = "<group>";
		};
/* End PBXVariantGroup section */

/* Begin XCBuildConfiguration section */
		8B1E74B31BC128350001AC86 /* Debug */ = {
			isa = XCBuildConfiguration;
			buildSettings = {
				ALWAYS_SEARCH_USER_PATHS = NO;
				CLANG_CXX_LANGUAGE_STANDARD = "gnu++0x";
				CLANG_CXX_LIBRARY = "libc++";
				CLANG_ENABLE_MODULES = YES;
				CLANG_ENABLE_OBJC_ARC = YES;
				CLANG_WARN_BOOL_CONVERSION = YES;
				CLANG_WARN_CONSTANT_CONVERSION = YES;
				CLANG_WARN_DIRECT_OBJC_ISA_USAGE = YES_ERROR;
				CLANG_WARN_EMPTY_BODY = YES;
				CLANG_WARN_ENUM_CONVERSION = YES;
				CLANG_WARN_INT_CONVERSION = YES;
				CLANG_WARN_OBJC_ROOT_CLASS = YES_ERROR;
				CLANG_WARN_UNREACHABLE_CODE = YES;
				CLANG_WARN__DUPLICATE_METHOD_MATCH = YES;
				"CODE_SIGN_IDENTITY[sdk=iphoneos*]" = "iPhone Developer";
				COPY_PHASE_STRIP = NO;
				DEBUG_INFORMATION_FORMAT = "dwarf-with-dsym";
				ENABLE_STRICT_OBJC_MSGSEND = YES;
				GCC_C_LANGUAGE_STANDARD = gnu99;
				GCC_DYNAMIC_NO_PIC = NO;
				GCC_NO_COMMON_BLOCKS = YES;
				GCC_OPTIMIZATION_LEVEL = 0;
				GCC_PREPROCESSOR_DEFINITIONS = (
					"DEBUG=1",
					"$(inherited)",
				);
				GCC_SYMBOLS_PRIVATE_EXTERN = NO;
				GCC_WARN_64_TO_32_BIT_CONVERSION = YES;
				GCC_WARN_ABOUT_RETURN_TYPE = YES_ERROR;
				GCC_WARN_UNDECLARED_SELECTOR = YES;
				GCC_WARN_UNINITIALIZED_AUTOS = YES_AGGRESSIVE;
				GCC_WARN_UNUSED_FUNCTION = YES;
				GCC_WARN_UNUSED_VARIABLE = YES;
				IPHONEOS_DEPLOYMENT_TARGET = 8.4;
				MTL_ENABLE_DEBUG_INFO = YES;
				ONLY_ACTIVE_ARCH = YES;
				SDKROOT = iphoneos;
				SWIFT_OPTIMIZATION_LEVEL = "-Onone";
			};
			name = Debug;
		};
		8B1E74B41BC128350001AC86 /* Release */ = {
			isa = XCBuildConfiguration;
			buildSettings = {
				ALWAYS_SEARCH_USER_PATHS = NO;
				CLANG_CXX_LANGUAGE_STANDARD = "gnu++0x";
				CLANG_CXX_LIBRARY = "libc++";
				CLANG_ENABLE_MODULES = YES;
				CLANG_ENABLE_OBJC_ARC = YES;
				CLANG_WARN_BOOL_CONVERSION = YES;
				CLANG_WARN_CONSTANT_CONVERSION = YES;
				CLANG_WARN_DIRECT_OBJC_ISA_USAGE = YES_ERROR;
				CLANG_WARN_EMPTY_BODY = YES;
				CLANG_WARN_ENUM_CONVERSION = YES;
				CLANG_WARN_INT_CONVERSION = YES;
				CLANG_WARN_OBJC_ROOT_CLASS = YES_ERROR;
				CLANG_WARN_UNREACHABLE_CODE = YES;
				CLANG_WARN__DUPLICATE_METHOD_MATCH = YES;
				"CODE_SIGN_IDENTITY[sdk=iphoneos*]" = "iPhone Developer";
				COPY_PHASE_STRIP = NO;
				DEBUG_INFORMATION_FORMAT = "dwarf-with-dsym";
				ENABLE_NS_ASSERTIONS = NO;
				ENABLE_STRICT_OBJC_MSGSEND = YES;
				GCC_C_LANGUAGE_STANDARD = gnu99;
				GCC_NO_COMMON_BLOCKS = YES;
				GCC_WARN_64_TO_32_BIT_CONVERSION = YES;
				GCC_WARN_ABOUT_RETURN_TYPE = YES_ERROR;
				GCC_WARN_UNDECLARED_SELECTOR = YES;
				GCC_WARN_UNINITIALIZED_AUTOS = YES_AGGRESSIVE;
				GCC_WARN_UNUSED_FUNCTION = YES;
				GCC_WARN_UNUSED_VARIABLE = YES;
				IPHONEOS_DEPLOYMENT_TARGET = 8.4;
				MTL_ENABLE_DEBUG_INFO = NO;
				SDKROOT = iphoneos;
				VALIDATE_PRODUCT = YES;
			};
			name = Release;
		};
		8B1E74B61BC128350001AC86 /* Debug */ = {
			isa = XCBuildConfiguration;
			buildSettings = {
				ASSETCATALOG_COMPILER_APPICON_NAME = AppIcon;
				INFOPLIST_FILE = SwiftTraining/Info.plist;
				LD_RUNPATH_SEARCH_PATHS = "$(inherited) @executable_path/Frameworks";
				PRODUCT_NAME = "$(TARGET_NAME)";
			};
			name = Debug;
		};
		8B1E74B71BC128350001AC86 /* Release */ = {
			isa = XCBuildConfiguration;
			buildSettings = {
				ASSETCATALOG_COMPILER_APPICON_NAME = AppIcon;
				INFOPLIST_FILE = SwiftTraining/Info.plist;
				LD_RUNPATH_SEARCH_PATHS = "$(inherited) @executable_path/Frameworks";
				PRODUCT_NAME = "$(TARGET_NAME)";
			};
			name = Release;
		};
		8B1E74B91BC128350001AC86 /* Debug */ = {
			isa = XCBuildConfiguration;
			buildSettings = {
				BUNDLE_LOADER = "$(TEST_HOST)";
				FRAMEWORK_SEARCH_PATHS = (
					"$(SDKROOT)/Developer/Library/Frameworks",
					"$(inherited)",
				);
				GCC_PREPROCESSOR_DEFINITIONS = (
					"DEBUG=1",
					"$(inherited)",
				);
				INFOPLIST_FILE = SwiftTrainingTests/Info.plist;
				LD_RUNPATH_SEARCH_PATHS = "$(inherited) @executable_path/Frameworks @loader_path/Frameworks";
				PRODUCT_NAME = "$(TARGET_NAME)";
				TEST_HOST = "$(BUILT_PRODUCTS_DIR)/SwiftTraining.app/SwiftTraining";
			};
			name = Debug;
		};
		8B1E74BA1BC128350001AC86 /* Release */ = {
			isa = XCBuildConfiguration;
			buildSettings = {
				BUNDLE_LOADER = "$(TEST_HOST)";
				FRAMEWORK_SEARCH_PATHS = (
					"$(SDKROOT)/Developer/Library/Frameworks",
					"$(inherited)",
				);
				INFOPLIST_FILE = SwiftTrainingTests/Info.plist;
				LD_RUNPATH_SEARCH_PATHS = "$(inherited) @executable_path/Frameworks @loader_path/Frameworks";
				PRODUCT_NAME = "$(TARGET_NAME)";
				TEST_HOST = "$(BUILT_PRODUCTS_DIR)/SwiftTraining.app/SwiftTraining";
			};
			name = Release;
		};
/* End XCBuildConfiguration section */

/* Begin XCConfigurationList section */
		8B1E748E1BC128350001AC86 /* Build configuration list for PBXProject "SwiftTraining" */ = {
			isa = XCConfigurationList;
			buildConfigurations = (
				8B1E74B31BC128350001AC86 /* Debug */,
				8B1E74B41BC128350001AC86 /* Release */,
			);
			defaultConfigurationIsVisible = 0;
			defaultConfigurationName = Release;
		};
		8B1E74B51BC128350001AC86 /* Build configuration list for PBXNativeTarget "SwiftTraining" */ = {
			isa = XCConfigurationList;
			buildConfigurations = (
				8B1E74B61BC128350001AC86 /* Debug */,
				8B1E74B71BC128350001AC86 /* Release */,
			);
			defaultConfigurationIsVisible = 0;
		};
		8B1E74B81BC128350001AC86 /* Build configuration list for PBXNativeTarget "SwiftTrainingTests" */ = {
			isa = XCConfigurationList;
			buildConfigurations = (
				8B1E74B91BC128350001AC86 /* Debug */,
				8B1E74BA1BC128350001AC86 /* Release */,
			);
			defaultConfigurationIsVisible = 0;
		};
/* End XCConfigurationList section */

/* Begin XCVersionGroup section */
		8B1E749A1BC128350001AC86 /* SwiftTraining.xcdatamodeld */ = {
			isa = XCVersionGroup;
			children = (
				8B1E749B1BC128350001AC86 /* SwiftTraining.xcdatamodel */,
			);
			currentVersion = 8B1E749B1BC128350001AC86 /* SwiftTraining.xcdatamodel */;
			path = SwiftTraining.xcdatamodeld;
			sourceTree = "<group>";
			versionGroupType = wrapper.xcdatamodel;
		};
/* End XCVersionGroup section */
	};
	rootObject = 8B1E748B1BC128350001AC86 /* Project object */;
}
